
Microsoft Visual Studio Solution File, Format Version 12.00
# Visual Studio Version 16
VisualStudioVersion = 16.0.32510.428
MinimumVisualStudioVersion = 10.0.40219.1
Project("{FAE04EC0-301F-11D3-BF4B-00C04F79EFBC}") = "Hotel management sistem", "Hotel management sistem.csproj", "{E6AC084F-CB31-459B-A4BD-A6CDBA4A4E7E}"
EndProject
Project("{2150E333-8FDC-42A3-9474-1A3956D46DE8}") = "Solution Items", "Solution Items", "{4FDE6F85-596E-447F-91F0-8702912DFAAA}"
	ProjectSection(SolutionItems) = preProject
		.editorconfig = .editorconfig
	EndProjectSection
EndProject
Global
	GlobalSection(SolutionConfigurationPlatforms) = preSolution
		Debug|Any CPU = Debug|Any CPU
		Release|Any CPU = Release|Any CPU
	EndGlobalSection
	GlobalSection(ProjectConfigurationPlatforms) = postSolution
		{E6AC084F-CB31-459B-A4BD-A6CDBA4A4E7E}.Debug|Any CPU.ActiveCfg = Debug|Any CPU
		{E6AC084F-CB31-459B-A4BD-A6CDBA4A4E7E}.Debug|Any CPU.Build.0 = Debug|Any CPU
		{E6AC084F-CB31-459B-A4BD-A6CDBA4A4E7E}.Release|Any CPU.ActiveCfg = Release|Any CPU
		{E6AC084F-CB31-459B-A4BD-A6CDBA4A4E7E}.Release|Any CPU.Build.0 = Release|Any CPU
	EndGlobalSection
	GlobalSection(SolutionProperties) = preSolution
		HideSolutionNode = FALSE
	EndGlobalSection
	GlobalSection(ExtensibilityGlobals) = postSolution
		SolutionGuid = {2A749BB5-14E7-4E54-AFE2-428BB98B1CCB}
	EndGlobalSection
EndGlobal
